PODS:
  - Alamofire (4.4.0)

DEPENDENCIES:
  - Alamofire (from `https://github.com/Alamofire/Alamofire.git`)

EXTERNAL SOURCES:
  Alamofire:
    :git: https://github.com/Alamofire/Alamofire.git

CHECKOUT OPTIONS:
  Alamofire:
    :commit: b03b43cc381ec02eb9855085427186ef89055eef
    :git: https://github.com/Alamofire/Alamofire.git

SPEC CHECKSUMS:
  Alamofire: 4c2bf7fa03c4a626163606de0a417568c270575e

PODFILE CHECKSUM: 23eaaa0bd9b073b8058d9ee6184ff8fb0b042223

COCOAPODS: 1.1.1
